
Microsoft Visual Studio Solution File, Format Version 11.00
# Visual Studio 2010
Project("{FAE04EC0-301F-11D3-BF4B-00C04F79EFBC}") = "ClientApp_CS", "ClientApp_CS\ClientApp_CS.csproj", "{1C0E2AE8-1BDB-4C90-84B5-B172894F4F8F}"
	ProjectSection(ProjectDependencies) = postProject
		{EC6D0F75-FF44-41E7-B20C-BEB9003FEE00} = {EC6D0F75-FF44-41E7-B20C-BEB9003FEE00}
	EndProjectSection
EndProject
Project("{FAE04EC0-301F-11D3-BF4B-00C04F79EFBC}") = "WebApp", "WebApp\WebApp.csproj", "{EC6D0F75-FF44-41E7-B20C-BEB9003FEE00}"
EndProject
Project("{BBD0F5D1-1CC4-42FD-BA4C-A96779C64378}") = "ClientApp_SN", "ClientApp_SN\ClientApp_SN.synproj", "{944AA66A-2D18-4FA3-9E34-3C8CA9767BB9}"
EndProject
Project("{F184B08F-C81C-45F6-A57F-5ABD9991F28F}") = "ClientApp_VB", "ClientApp_VB\ClientApp_VB.vbproj", "{8EC5F091-9FBD-4757-8375-3083677BD2A4}"
EndProject
Global
	GlobalSection(SolutionConfigurationPlatforms) = preSolution
		Debug|Any CPU = Debug|Any CPU
		Debug|Mixed Platforms = Debug|Mixed Platforms
		Debug|x86 = Debug|x86
		Release|Any CPU = Release|Any CPU
		Release|Mixed Platforms = Release|Mixed Platforms
		Release|x86 = Release|x86
	EndGlobalSection
	GlobalSection(ProjectConfigurationPlatforms) = postSolution
		{1C0E2AE8-1BDB-4C90-84B5-B172894F4F8F}.Debug|Any CPU.ActiveCfg = Debug|x86
		{1C0E2AE8-1BDB-4C90-84B5-B172894F4F8F}.Debug|Mixed Platforms.ActiveCfg = Debug|x86
		{1C0E2AE8-1BDB-4C90-84B5-B172894F4F8F}.Debug|Mixed Platforms.Build.0 = Debug|x86
		{1C0E2AE8-1BDB-4C90-84B5-B172894F4F8F}.Debug|x86.ActiveCfg = Debug|x86
		{1C0E2AE8-1BDB-4C90-84B5-B172894F4F8F}.Debug|x86.Build.0 = Debug|x86
		{1C0E2AE8-1BDB-4C90-84B5-B172894F4F8F}.Release|Any CPU.ActiveCfg = Release|x86
		{1C0E2AE8-1BDB-4C90-84B5-B172894F4F8F}.Release|Mixed Platforms.ActiveCfg = Release|x86
		{1C0E2AE8-1BDB-4C90-84B5-B172894F4F8F}.Release|Mixed Platforms.Build.0 = Release|x86
		{1C0E2AE8-1BDB-4C90-84B5-B172894F4F8F}.Release|x86.ActiveCfg = Release|x86
		{1C0E2AE8-1BDB-4C90-84B5-B172894F4F8F}.Release|x86.Build.0 = Release|x86
		{EC6D0F75-FF44-41E7-B20C-BEB9003FEE00}.Debug|Any CPU.ActiveCfg = Debug|Any CPU
		{EC6D0F75-FF44-41E7-B20C-BEB9003FEE00}.Debug|Any CPU.Build.0 = Debug|Any CPU
		{EC6D0F75-FF44-41E7-B20C-BEB9003FEE00}.Debug|Mixed Platforms.ActiveCfg = Debug|Any CPU
		{EC6D0F75-FF44-41E7-B20C-BEB9003FEE00}.Debug|Mixed Platforms.Build.0 = Debug|Any CPU
		{EC6D0F75-FF44-41E7-B20C-BEB9003FEE00}.Debug|x86.ActiveCfg = Debug|Any CPU
		{EC6D0F75-FF44-41E7-B20C-BEB9003FEE00}.Release|Any CPU.ActiveCfg = Release|Any CPU
		{EC6D0F75-FF44-41E7-B20C-BEB9003FEE00}.Release|Any CPU.Build.0 = Release|Any CPU
		{EC6D0F75-FF44-41E7-B20C-BEB9003FEE00}.Release|Mixed Platforms.ActiveCfg = Release|Any CPU
		{EC6D0F75-FF44-41E7-B20C-BEB9003FEE00}.Release|Mixed Platforms.Build.0 = Release|Any CPU
		{EC6D0F75-FF44-41E7-B20C-BEB9003FEE00}.Release|x86.ActiveCfg = Release|Any CPU
		{944AA66A-2D18-4FA3-9E34-3C8CA9767BB9}.Debug|Any CPU.ActiveCfg = Debug|Any CPU
		{944AA66A-2D18-4FA3-9E34-3C8CA9767BB9}.Debug|Any CPU.Build.0 = Debug|Any CPU
		{944AA66A-2D18-4FA3-9E34-3C8CA9767BB9}.Debug|Mixed Platforms.ActiveCfg = Debug|Any CPU
		{944AA66A-2D18-4FA3-9E34-3C8CA9767BB9}.Debug|Mixed Platforms.Build.0 = Debug|Any CPU
		{944AA66A-2D18-4FA3-9E34-3C8CA9767BB9}.Debug|x86.ActiveCfg = Debug|Any CPU
		{944AA66A-2D18-4FA3-9E34-3C8CA9767BB9}.Release|Any CPU.ActiveCfg = Release|Any CPU
		{944AA66A-2D18-4FA3-9E34-3C8CA9767BB9}.Release|Any CPU.Build.0 = Release|Any CPU
		{944AA66A-2D18-4FA3-9E34-3C8CA9767BB9}.Release|Mixed Platforms.ActiveCfg = Release|Any CPU
		{944AA66A-2D18-4FA3-9E34-3C8CA9767BB9}.Release|Mixed Platforms.Build.0 = Release|Any CPU
		{944AA66A-2D18-4FA3-9E34-3C8CA9767BB9}.Release|x86.ActiveCfg = Release|Any CPU
		{8EC5F091-9FBD-4757-8375-3083677BD2A4}.Debug|Any CPU.ActiveCfg = Debug|x86
		{8EC5F091-9FBD-4757-8375-3083677BD2A4}.Debug|Mixed Platforms.ActiveCfg = Debug|x86
		{8EC5F091-9FBD-4757-8375-3083677BD2A4}.Debug|Mixed Platforms.Build.0 = Debug|x86
		{8EC5F091-9FBD-4757-8375-3083677BD2A4}.Debug|x86.ActiveCfg = Debug|x86
		{8EC5F091-9FBD-4757-8375-3083677BD2A4}.Debug|x86.Build.0 = Debug|x86
		{8EC5F091-9FBD-4757-8375-3083677BD2A4}.Release|Any CPU.ActiveCfg = Release|x86
		{8EC5F091-9FBD-4757-8375-3083677BD2A4}.Release|Mixed Platforms.ActiveCfg = Release|x86
		{8EC5F091-9FBD-4757-8375-3083677BD2A4}.Release|Mixed Platforms.Build.0 = Release|x86
		{8EC5F091-9FBD-4757-8375-3083677BD2A4}.Release|x86.ActiveCfg = Release|x86
		{8EC5F091-9FBD-4757-8375-3083677BD2A4}.Release|x86.Build.0 = Release|x86
	EndGlobalSection
	GlobalSection(SolutionProperties) = preSolution
		HideSolutionNode = FALSE
	EndGlobalSection
EndGlobal
